
Microsoft Visual Studio Solution File, Format Version 12.00
# Visual Studio Version 17
VisualStudioVersion = 17.0.31903.59
MinimumVisualStudioVersion = 10.0.40219.1
Project("{FAE04EC0-301F-11D3-BF4B-00C04F79EFBC}") = "CodeD.Domain", "CodeD.Domain\CodeD.Domain.csproj", "{535D281D-FA39-44AA-A0B0-4848BC4EDB5C}"
EndProject
Project("{FAE04EC0-301F-11D3-BF4B-00C04F79EFBC}") = "CodeD.Infrastructure", "CodeD.Infrastructure\CodeD.Infrastructure.csproj", "{D114A6C1-EBBE-473A-ACA6-C4BF059457E8}"
EndProject
Project("{FAE04EC0-301F-11D3-BF4B-00C04F79EFBC}") = "CodeD.Api", "CodeD.Api\CodeD.Api.csproj", "{3AB83E55-ECAD-40C4-8948-65C157FE5936}"
EndProject
Project("{2150E333-8FDC-42A3-9474-1A3956D46DE8}") = "Solution Items", "Solution Items", "{847A605F-8BBF-40FD-A8B2-C6F58ED87025}"
	ProjectSection(SolutionItems) = preProject
		..\LICENSE = ..\LICENSE
		..\README.md = ..\README.md
	EndProjectSection
EndProject
Global
	GlobalSection(SolutionConfigurationPlatforms) = preSolution
		Debug|Any CPU = Debug|Any CPU
		Release|Any CPU = Release|Any CPU
	EndGlobalSection
	GlobalSection(ProjectConfigurationPlatforms) = postSolution
		{535D281D-FA39-44AA-A0B0-4848BC4EDB5C}.Debug|Any CPU.ActiveCfg = Debug|Any CPU
		{535D281D-FA39-44AA-A0B0-4848BC4EDB5C}.Debug|Any CPU.Build.0 = Debug|Any CPU
		{535D281D-FA39-44AA-A0B0-4848BC4EDB5C}.Release|Any CPU.ActiveCfg = Release|Any CPU
		{535D281D-FA39-44AA-A0B0-4848BC4EDB5C}.Release|Any CPU.Build.0 = Release|Any CPU
		{D114A6C1-EBBE-473A-ACA6-C4BF059457E8}.Debug|Any CPU.ActiveCfg = Debug|Any CPU
		{D114A6C1-EBBE-473A-ACA6-C4BF059457E8}.Debug|Any CPU.Build.0 = Debug|Any CPU
		{D114A6C1-EBBE-473A-ACA6-C4BF059457E8}.Release|Any CPU.ActiveCfg = Release|Any CPU
		{D114A6C1-EBBE-473A-ACA6-C4BF059457E8}.Release|Any CPU.Build.0 = Release|Any CPU
		{3AB83E55-ECAD-40C4-8948-65C157FE5936}.Debug|Any CPU.ActiveCfg = Debug|Any CPU
		{3AB83E55-ECAD-40C4-8948-65C157FE5936}.Debug|Any CPU.Build.0 = Debug|Any CPU
		{3AB83E55-ECAD-40C4-8948-65C157FE5936}.Release|Any CPU.ActiveCfg = Release|Any CPU
		{3AB83E55-ECAD-40C4-8948-65C157FE5936}.Release|Any CPU.Build.0 = Release|Any CPU
	EndGlobalSection
	GlobalSection(SolutionProperties) = preSolution
		HideSolutionNode = FALSE
	EndGlobalSection
	GlobalSection(ExtensibilityGlobals) = postSolution
		SolutionGuid = {60FDB109-95FF-4C1D-809A-49E7A9E92BC9}
	EndGlobalSection
EndGlobal
